
Microsoft Visual Studio Solution File, Format Version 12.00
# Visual Studio Version 16
VisualStudioVersion = 25.0.1706.4
MinimumVisualStudioVersion = 10.0.40219.1
Project("{FAE04EC0-301F-11D3-BF4B-00C04F79EFBC}") = "LotteryStatistics", "LotteryStatistics\LotteryStatistics.csproj", "{36F685F7-09BD-4778-9451-DF6E34BD3E2E}"
EndProject
Global
	GlobalSection(SolutionConfigurationPlatforms) = preSolution
		Debug|Any CPU = Debug|Any CPU
		Release|Any CPU = Release|Any CPU
	EndGlobalSection
	GlobalSection(ProjectConfigurationPlatforms) = postSolution
		{36F685F7-09BD-4778-9451-DF6E34BD3E2E}.Debug|Any CPU.ActiveCfg = Debug|Any CPU
		{36F685F7-09BD-4778-9451-DF6E34BD3E2E}.Debug|Any CPU.Build.0 = Debug|Any CPU
		{36F685F7-09BD-4778-9451-DF6E34BD3E2E}.Release|Any CPU.ActiveCfg = Release|Any CPU
		{36F685F7-09BD-4778-9451-DF6E34BD3E2E}.Release|Any CPU.Build.0 = Release|Any CPU
	EndGlobalSection
	GlobalSection(SolutionProperties) = preSolution
		HideSolutionNode = FALSE
	EndGlobalSection
	GlobalSection(ExtensibilityGlobals) = postSolution
		SolutionGuid = {F5F13546-F983-437F-BE3E-71A527F9CCD6}
	EndGlobalSection
EndGlobal
